PODS:
  - SwiftLint (0.40.3)
  - VK-ios-sdk (1.6.2)

DEPENDENCIES:
  - SwiftLint
  - VK-ios-sdk

SPEC REPOS:
  trunk:
    - SwiftLint
    - VK-ios-sdk

SPEC CHECKSUMS:
  SwiftLint: dfd554ff0dff17288ee574814ccdd5cea85d76f7
  VK-ios-sdk: 5bcf00a2014a7323f98db9328b603d4f96635caa

PODFILE CHECKSUM: 5a7a6656ae54ec0291f4289a0e8ae13538c2537f

COCOAPODS: 1.11.2
